# THIS IS AN AUTOGENERATED FILE. DO NOT EDIT THIS FILE DIRECTLY.
# yarn lockfile v1


"@styleshift/support@^0.0.10":
  version "0.0.10"
  resolved "https://registry.yarnpkg.com/@styleshift/support/-/support-0.0.10.tgz#fbc85fb554b9317129a83ffd183e7fd15c764b88"
  integrity sha512-HhfC7kMb60/CcE4TM9rcrauQ1Bo1ty8VRWIXDSMkH9+a7dvZqq5/dAgeGPMEukAIQ+OfLT15GEXj0Ffe3ZM3cg==
  dependencies:
    tailwind-variants "^0.3.0"

prettier@^3.4.2:
  version "3.4.2"
  resolved "https://registry.npmjs.org/prettier/-/prettier-3.4.2.tgz"
  integrity sha512-e9MewbtFo+Fevyuxn/4rrcDAaq0IYxPGLvObpQjiZBMAzB9IGmzlnG9RZy3FFas+eBMu2vA0CszMeduow5dIuQ==

tailwind-merge@^2.5.4:
  version "2.5.5"
  resolved "https://registry.npmjs.org/tailwind-merge/-/tailwind-merge-2.5.5.tgz"
  integrity sha512-0LXunzzAZzo0tEPxV3I297ffKZPlKDrjj7NXphC8V5ak9yHC5zRmxnOe2m/Rd/7ivsOMJe3JZ2JVocoDdQTRBA==

tailwind-variants@^0.3.0:
  version "0.3.0"
  resolved "https://registry.npmjs.org/tailwind-variants/-/tailwind-variants-0.3.0.tgz"
  integrity sha512-ho2k5kn+LB1fT5XdNS3Clb96zieWxbStE9wNLK7D0AV64kdZMaYzAKo0fWl6fXLPY99ffF9oBJnIj5escEl/8A==
  dependencies:
    tailwind-merge "^2.5.4"
