# THIS IS AN AUTOGENERATED FILE. DO NOT EDIT THIS FILE DIRECTLY.
# yarn lockfile v1


"@styleshift/support@^0.0.5":
  version "0.0.5"
  resolved "https://registry.yarnpkg.com/@styleshift/support/-/support-0.0.5.tgz#2ecef806ee639337f14679f8617a776f9b70abd4"
  integrity sha512-ADByYbwYqZe/goFsrOOODdbAlK8ppe8quT7bsImw4CzuKIb0bTKF9pKlATOU9XhZ9ds7o1lqR2vRvE2c9LdMWA==

prettier@^3.4.2:
  version "3.4.2"
  resolved "https://registry.yarnpkg.com/prettier/-/prettier-3.4.2.tgz#a5ce1fb522a588bf2b78ca44c6e6fe5aa5a2b13f"
  integrity sha512-e9MewbtFo+Fevyuxn/4rrcDAaq0IYxPGLvObpQjiZBMAzB9IGmzlnG9RZy3FFas+eBMu2vA0CszMeduow5dIuQ==
